
Microsoft Visual Studio Solution File, Format Version 12.00
# Visual Studio 15
VisualStudioVersion = 15.0.28307.329
MinimumVisualStudioVersion = 10.0.40219.1
Project("{FAE04EC0-301F-11D3-BF4B-00C04F79EFBC}") = "Web-HTMLGiris", "Web-HTMLGiris\Web-HTMLGiris.csproj", "{CDC71690-3369-4DBA-8F24-87E1EB955CDD}"
EndProject
Project("{FAE04EC0-301F-11D3-BF4B-00C04F79EFBC}") = "Web-CSSGiris", "Web-CSSGiris\Web-CSSGiris.csproj", "{59B8C83E-F7E8-409C-A8D3-279D47EB769B}"
EndProject
Project("{FAE04EC0-301F-11D3-BF4B-00C04F79EFBC}") = "Web-JavaScriptGiris", "Web-JavaScriptGiris\Web-JavaScriptGiris.csproj", "{B6EC1203-1101-4D1D-A690-D86C8568E51A}"
EndProject
Project("{FAE04EC0-301F-11D3-BF4B-00C04F79EFBC}") = "Web-JQuery", "Web-JQuery\Web-JQuery.csproj", "{778E6553-6711-44E6-99CC-7D16418B06C7}"
EndProject
Global
	GlobalSection(SolutionConfigurationPlatforms) = preSolution
		Debug|Any CPU = Debug|Any CPU
		Release|Any CPU = Release|Any CPU
	EndGlobalSection
	GlobalSection(ProjectConfigurationPlatforms) = postSolution
		{CDC71690-3369-4DBA-8F24-87E1EB955CDD}.Debug|Any CPU.ActiveCfg = Debug|Any CPU
		{CDC71690-3369-4DBA-8F24-87E1EB955CDD}.Debug|Any CPU.Build.0 = Debug|Any CPU
		{CDC71690-3369-4DBA-8F24-87E1EB955CDD}.Release|Any CPU.ActiveCfg = Release|Any CPU
		{CDC71690-3369-4DBA-8F24-87E1EB955CDD}.Release|Any CPU.Build.0 = Release|Any CPU
		{59B8C83E-F7E8-409C-A8D3-279D47EB769B}.Debug|Any CPU.ActiveCfg = Debug|Any CPU
		{59B8C83E-F7E8-409C-A8D3-279D47EB769B}.Debug|Any CPU.Build.0 = Debug|Any CPU
		{59B8C83E-F7E8-409C-A8D3-279D47EB769B}.Release|Any CPU.ActiveCfg = Release|Any CPU
		{59B8C83E-F7E8-409C-A8D3-279D47EB769B}.Release|Any CPU.Build.0 = Release|Any CPU
		{B6EC1203-1101-4D1D-A690-D86C8568E51A}.Debug|Any CPU.ActiveCfg = Debug|Any CPU
		{B6EC1203-1101-4D1D-A690-D86C8568E51A}.Debug|Any CPU.Build.0 = Debug|Any CPU
		{B6EC1203-1101-4D1D-A690-D86C8568E51A}.Release|Any CPU.ActiveCfg = Release|Any CPU
		{B6EC1203-1101-4D1D-A690-D86C8568E51A}.Release|Any CPU.Build.0 = Release|Any CPU
		{778E6553-6711-44E6-99CC-7D16418B06C7}.Debug|Any CPU.ActiveCfg = Debug|Any CPU
		{778E6553-6711-44E6-99CC-7D16418B06C7}.Debug|Any CPU.Build.0 = Debug|Any CPU
		{778E6553-6711-44E6-99CC-7D16418B06C7}.Release|Any CPU.ActiveCfg = Release|Any CPU
		{778E6553-6711-44E6-99CC-7D16418B06C7}.Release|Any CPU.Build.0 = Release|Any CPU
	EndGlobalSection
	GlobalSection(SolutionProperties) = preSolution
		HideSolutionNode = FALSE
	EndGlobalSection
	GlobalSection(ExtensibilityGlobals) = postSolution
		SolutionGuid = {C743CCA8-DB2F-4CB6-9582-41D31A125399}
	EndGlobalSection
EndGlobal
